
Microsoft Visual Studio Solution File, Format Version 12.00
# Visual Studio Version 16
VisualStudioVersion = 16.0.31729.503
MinimumVisualStudioVersion = 10.0.40219.1
Project("{FAE04EC0-301F-11D3-BF4B-00C04F79EFBC}") = "GitHubAndVisualStudio", "GitHubAndVisualStudio\GitHubAndVisualStudio.csproj", "{2B828266-AD7F-453E-BAF9-92676F790973}"
EndProject
Global
	GlobalSection(SolutionConfigurationPlatforms) = preSolution
		Debug|Any CPU = Debug|Any CPU
		Release|Any CPU = Release|Any CPU
	EndGlobalSection
	GlobalSection(ProjectConfigurationPlatforms) = postSolution
		{2B828266-AD7F-453E-BAF9-92676F790973}.Debug|Any CPU.ActiveCfg = Debug|Any CPU
		{2B828266-AD7F-453E-BAF9-92676F790973}.Debug|Any CPU.Build.0 = Debug|Any CPU
		{2B828266-AD7F-453E-BAF9-92676F790973}.Release|Any CPU.ActiveCfg = Release|Any CPU
		{2B828266-AD7F-453E-BAF9-92676F790973}.Release|Any CPU.Build.0 = Release|Any CPU
	EndGlobalSection
	GlobalSection(SolutionProperties) = preSolution
		HideSolutionNode = FALSE
	EndGlobalSection
	GlobalSection(ExtensibilityGlobals) = postSolution
		SolutionGuid = {BA5A666B-3F96-4592-9860-D9A4EDF476EC}
	EndGlobalSection
EndGlobal
